// !$*UTF8*$!
{
	archiveVersion = 1;
	classes = {
	};
	objectVersion = 56;
	objects = {

/* Begin PBXBuildFile section */
		BACECAC32ACAFBB7000563D4 /* AppDelegate.swift in Sources */ = {isa = PBXBuildFile; fileRef = BACECAC22ACAFBB7000563D4 /* AppDelegate.swift */; };
		BACECAC52ACAFBB7000563D4 /* SceneDelegate.swift in Sources */ = {isa = PBXBuildFile; fileRef = BACECAC42ACAFBB7000563D4 /* SceneDelegate.swift */; };
		BACECAC72ACAFBB7000563D4 /* ViewController.swift in Sources */ = {isa = PBXBuildFile; fileRef = BACECAC62ACAFBB7000563D4 /* ViewController.swift */; };
		BACECACA2ACAFBB7000563D4 /* Main.storyboard in Resources */ = {isa = PBXBuildFile; fileRef = BACECAC82ACAFBB7000563D4 /* Main.storyboard */; };
		BACECACC2ACAFBB8000563D4 /* Assets.xcassets in Resources */ = {isa = PBXBuildFile; fileRef = BACECACB2ACAFBB8000563D4 /* Assets.xcassets */; };
		BACECACF2ACAFBB8000563D4 /* LaunchScreen.storyboard in Resources */ = {isa = PBXBuildFile; fileRef = BACECACD2ACAFBB8000563D4 /* LaunchScreen.storyboard */; };
		BACECADA2ACAFBB8000563D4 /* VKNewsFeedsGetTests.swift in Sources */ = {isa = PBXBuildFile; fileRef = BACECAD92ACAFBB8000563D4 /* VKNewsFeedsGetTests.swift */; };
		BACECAE42ACAFBB8000563D4 /* VKNewsFeedsGetUITests.swift in Sources */ = {isa = PBXBuildFile; fileRef = BACECAE32ACAFBB8000563D4 /* VKNewsFeedsGetUITests.swift */; };
		BACECAE62ACAFBB8000563D4 /* VKNewsFeedsGetUITestsLaunchTests.swift in Sources */ = {isa = PBXBuildFile; fileRef = BACECAE52ACAFBB8000563D4 /* VKNewsFeedsGetUITestsLaunchTests.swift */; };
/* End PBXBuildFile section */

/* Begin PBXContainerItemProxy section */
		BACECAD62ACAFBB8000563D4 /* PBXContainerItemProxy */ = {
			isa = PBXContainerItemProxy;
			containerPortal = BACECAB72ACAFBB7000563D4 /* Project object */;
			proxyType = 1;
			remoteGlobalIDString = BACECABE2ACAFBB7000563D4;
			remoteInfo = VKNewsFeedsGet;
		};
		BACECAE02ACAFBB8000563D4 /* PBXContainerItemProxy */ = {
			isa = PBXContainerItemProxy;
			containerPortal = BACECAB72ACAFBB7000563D4 /* Project object */;
			proxyType = 1;
			remoteGlobalIDString = BACECABE2ACAFBB7000563D4;
			remoteInfo = VKNewsFeedsGet;
		};
/* End PBXContainerItemProxy section */

/* Begin PBXFileReference section */
		BACECABF2ACAFBB7000563D4 /* VKNewsFeedsGet.app */ = {isa = PBXFileReference; explicitFileType = wrapper.application; includeInIndex = 0; path = VKNewsFeedsGet.app; sourceTree = BUILT_PRODUCTS_DIR; };
		BACECAC22ACAFBB7000563D4 /* AppDelegate.swift */ = {isa = PBXFileReference; lastKnownFileType = sourcecode.swift; path = AppDelegate.swift; sourceTree = "<group>"; };
		BACECAC42ACAFBB7000563D4 /* SceneDelegate.swift */ = {isa = PBXFileReference; lastKnownFileType = sourcecode.swift; path = SceneDelegate.swift; sourceTree = "<group>"; };
		BACECAC62ACAFBB7000563D4 /* ViewController.swift */ = {isa = PBXFileReference; lastKnownFileType = sourcecode.swift; path = ViewController.swift; sourceTree = "<group>"; };
		BACECAC92ACAFBB7000563D4 /* Base */ = {isa = PBXFileReference; lastKnownFileType = file.storyboard; name = Base; path = Base.lproj/Main.storyboard; sourceTree = "<group>"; };
		BACECACB2ACAFBB8000563D4 /* Assets.xcassets */ = {isa = PBXFileReference; lastKnownFileType = folder.assetcatalog; path = Assets.xcassets; sourceTree = "<group>"; };
		BACECACE2ACAFBB8000563D4 /* Base */ = {isa = PBXFileReference; lastKnownFileType = file.storyboard; name = Base; path = Base.lproj/LaunchScreen.storyboard; sourceTree = "<group>"; };
		BACECAD02ACAFBB8000563D4 /* Info.plist */ = {isa = PBXFileReference; lastKnownFileType = text.plist.xml; path = Info.plist; sourceTree = "<group>"; };
		BACECAD52ACAFBB8000563D4 /* VKNewsFeedsGetTests.xctest */ = {isa = PBXFileReference; explicitFileType = wrapper.cfbundle; includeInIndex = 0; path = VKNewsFeedsGetTests.xctest; sourceTree = BUILT_PRODUCTS_DIR; };
		BACECAD92ACAFBB8000563D4 /* VKNewsFeedsGetTests.swift */ = {isa = PBXFileReference; lastKnownFileType = sourcecode.swift; path = VKNewsFeedsGetTests.swift; sourceTree = "<group>"; };
		BACECADF2ACAFBB8000563D4 /* VKNewsFeedsGetUITests.xctest */ = {isa = PBXFileReference; explicitFileType = wrapper.cfbundle; includeInIndex = 0; path = VKNewsFeedsGetUITests.xctest; sourceTree = BUILT_PRODUCTS_DIR; };
		BACECAE32ACAFBB8000563D4 /* VKNewsFeedsGetUITests.swift */ = {isa = PBXFileReference; lastKnownFileType = sourcecode.swift; path = VKNewsFeedsGetUITests.swift; sourceTree = "<group>"; };
		BACECAE52ACAFBB8000563D4 /* VKNewsFeedsGetUITestsLaunchTests.swift */ = {isa = PBXFileReference; lastKnownFileType = sourcecode.swift; path = VKNewsFeedsGetUITestsLaunchTests.swift; sourceTree = "<group>"; };
/* End PBXFileReference section */

/* Begin PBXFrameworksBuildPhase section */
		BACECABC2ACAFBB7000563D4 /* Frameworks */ = {
			isa = PBXFrameworksBuildPhase;
			buildActionMask = 2147483647;
			files = (
			);
			runOnlyForDeploymentPostprocessing = 0;
		};
		BACECAD22ACAFBB8000563D4 /* Frameworks */ = {
			isa = PBXFrameworksBuildPhase;
			buildActionMask = 2147483647;
			files = (
			);
			runOnlyForDeploymentPostprocessing = 0;
		};
		BACECADC2ACAFBB8000563D4 /* Frameworks */ = {
			isa = PBXFrameworksBuildPhase;
			buildActionMask = 2147483647;
			files = (
			);
			runOnlyForDeploymentPostprocessing = 0;
		};
/* End PBXFrameworksBuildPhase section */

/* Begin PBXGroup section */
		BACECAB62ACAFBB7000563D4 = {
			isa = PBXGroup;
			children = (
				BACECAC12ACAFBB7000563D4 /* VKNewsFeedsGet */,
				BACECAD82ACAFBB8000563D4 /* VKNewsFeedsGetTests */,
				BACECAE22ACAFBB8000563D4 /* VKNewsFeedsGetUITests */,
				BACECAC02ACAFBB7000563D4 /* Products */,
			);
			sourceTree = "<group>";
		};
		BACECAC02ACAFBB7000563D4 /* Products */ = {
			isa = PBXGroup;
			children = (
				BACECABF2ACAFBB7000563D4 /* VKNewsFeedsGet.app */,
				BACECAD52ACAFBB8000563D4 /* VKNewsFeedsGetTests.xctest */,
				BACECADF2ACAFBB8000563D4 /* VKNewsFeedsGetUITests.xctest */,
			);
			name = Products;
			sourceTree = "<group>";
		};
		BACECAC12ACAFBB7000563D4 /* VKNewsFeedsGet */ = {
			isa = PBXGroup;
			children = (
				BACECAC22ACAFBB7000563D4 /* AppDelegate.swift */,
				BACECAC42ACAFBB7000563D4 /* SceneDelegate.swift */,
				BACECAC62ACAFBB7000563D4 /* ViewController.swift */,
				BACECAC82ACAFBB7000563D4 /* Main.storyboard */,
				BACECACB2ACAFBB8000563D4 /* Assets.xcassets */,
				BACECACD2ACAFBB8000563D4 /* LaunchScreen.storyboard */,
				BACECAD02ACAFBB8000563D4 /* Info.plist */,
			);
			path = VKNewsFeedsGet;
			sourceTree = "<group>";
		};
		BACECAD82ACAFBB8000563D4 /* VKNewsFeedsGetTests */ = {
			isa = PBXGroup;
			children = (
				BACECAD92ACAFBB8000563D4 /* VKNewsFeedsGetTests.swift */,
			);
			path = VKNewsFeedsGetTests;
			sourceTree = "<group>";
		};
		BACECAE22ACAFBB8000563D4 /* VKNewsFeedsGetUITests */ = {
			isa = PBXGroup;
			children = (
				BACECAE32ACAFBB8000563D4 /* VKNewsFeedsGetUITests.swift */,
				BACECAE52ACAFBB8000563D4 /* VKNewsFeedsGetUITestsLaunchTests.swift */,
			);
			path = VKNewsFeedsGetUITests;
			sourceTree = "<group>";
		};
/* End PBXGroup section */

/* Begin PBXNativeTarget section */
		BACECABE2ACAFBB7000563D4 /* VKNewsFeedsGet */ = {
			isa = PBXNativeTarget;
			buildConfigurationList = BACECAE92ACAFBB8000563D4 /* Build configuration list for PBXNativeTarget "VKNewsFeedsGet" */;
			buildPhases = (
				BACECABB2ACAFBB7000563D4 /* Sources */,
				BACECABC2ACAFBB7000563D4 /* Frameworks */,
				BACECABD2ACAFBB7000563D4 /* Resources */,
			);
			buildRules = (
			);
			dependencies = (
			);
			name = VKNewsFeedsGet;
			productName = VKNewsFeedsGet;
			productReference = BACECABF2ACAFBB7000563D4 /* VKNewsFeedsGet.app */;
			productType = "com.apple.product-type.application";
		};
		BACECAD42ACAFBB8000563D4 /* VKNewsFeedsGetTests */ = {
			isa = PBXNativeTarget;
			buildConfigurationList = BACECAEC2ACAFBB8000563D4 /* Build configuration list for PBXNativeTarget "VKNewsFeedsGetTests" */;
			buildPhases = (
				BACECAD12ACAFBB8000563D4 /* Sources */,
				BACECAD22ACAFBB8000563D4 /* Frameworks */,
				BACECAD32ACAFBB8000563D4 /* Resources */,
			);
			buildRules = (
			);
			dependencies = (
				BACECAD72ACAFBB8000563D4 /* PBXTargetDependency */,
			);
			name = VKNewsFeedsGetTests;
			productName = VKNewsFeedsGetTests;
			productReference = BACECAD52ACAFBB8000563D4 /* VKNewsFeedsGetTests.xctest */;
			productType = "com.apple.product-type.bundle.unit-test";
		};
		BACECADE2ACAFBB8000563D4 /* VKNewsFeedsGetUITests */ = {
			isa = PBXNativeTarget;
			buildConfigurationList = BACECAEF2ACAFBB8000563D4 /* Build configuration list for PBXNativeTarget "VKNewsFeedsGetUITests" */;
			buildPhases = (
				BACECADB2ACAFBB8000563D4 /* Sources */,
				BACECADC2ACAFBB8000563D4 /* Frameworks */,
				BACECADD2ACAFBB8000563D4 /* Resources */,
			);
			buildRules = (
			);
			dependencies = (
				BACECAE12ACAFBB8000563D4 /* PBXTargetDependency */,
			);
			name = VKNewsFeedsGetUITests;
			productName = VKNewsFeedsGetUITests;
			productReference = BACECADF2ACAFBB8000563D4 /* VKNewsFeedsGetUITests.xctest */;
			productType = "com.apple.product-type.bundle.ui-testing";
		};
/* End PBXNativeTarget section */

/* Begin PBXProject section */
		BACECAB72ACAFBB7000563D4 /* Project object */ = {
			isa = PBXProject;
			attributes = {
				BuildIndependentTargetsInParallel = 1;
				LastSwiftUpdateCheck = 1430;
				LastUpgradeCheck = 1430;
				TargetAttributes = {
					BACECABE2ACAFBB7000563D4 = {
						CreatedOnToolsVersion = 14.3.1;
					};
					BACECAD42ACAFBB8000563D4 = {
						CreatedOnToolsVersion = 14.3.1;
						TestTargetID = BACECABE2ACAFBB7000563D4;
					};
					BACECADE2ACAFBB8000563D4 = {
						CreatedOnToolsVersion = 14.3.1;
						TestTargetID = BACECABE2ACAFBB7000563D4;
					};
				};
			};
			buildConfigurationList = BACECABA2ACAFBB7000563D4 /* Build configuration list for PBXProject "VKNewsFeedsGet" */;
			compatibilityVersion = "Xcode 14.0";
			developmentRegion = en;
			hasScannedForEncodings = 0;
			knownRegions = (
				en,
				Base,
			);
			mainGroup = BACECAB62ACAFBB7000563D4;
			productRefGroup = BACECAC02ACAFBB7000563D4 /* Products */;
			projectDirPath = "";
			projectRoot = "";
			targets = (
				BACECABE2ACAFBB7000563D4 /* VKNewsFeedsGet */,
				BACECAD42ACAFBB8000563D4 /* VKNewsFeedsGetTests */,
				BACECADE2ACAFBB8000563D4 /* VKNewsFeedsGetUITests */,
			);
		};
/* End PBXProject section */

/* Begin PBXResourcesBuildPhase section */
		BACECABD2ACAFBB7000563D4 /* Resources */ = {
			isa = PBXResourcesBuildPhase;
			buildActionMask = 2147483647;
			files = (
				BACECACF2ACAFBB8000563D4 /* LaunchScreen.storyboard in Resources */,
				BACECACC2ACAFBB8000563D4 /* Assets.xcassets in Resources */,
				BACECACA2ACAFBB7000563D4 /* Main.storyboard in Resources */,
			);
			runOnlyForDeploymentPostprocessing = 0;
		};
		BACECAD32ACAFBB8000563D4 /* Resources */ = {
			isa = PBXResourcesBuildPhase;
			buildActionMask = 2147483647;
			files = (
			);
			runOnlyForDeploymentPostprocessing = 0;
		};
		BACECADD2ACAFBB8000563D4 /* Resources */ = {
			isa = PBXResourcesBuildPhase;
			buildActionMask = 2147483647;
			files = (
			);
			runOnlyForDeploymentPostprocessing = 0;
		};
/* End PBXResourcesBuildPhase section */

/* Begin PBXSourcesBuildPhase section */
		BACECABB2ACAFBB7000563D4 /* Sources */ = {
			isa = PBXSourcesBuildPhase;
			buildActionMask = 2147483647;
			files = (
				BACECAC72ACAFBB7000563D4 /* ViewController.swift in Sources */,
				BACECAC32ACAFBB7000563D4 /* AppDelegate.swift in Sources */,
				BACECAC52ACAFBB7000563D4 /* SceneDelegate.swift in Sources */,
			);
			runOnlyForDeploymentPostprocessing = 0;
		};
		BACECAD12ACAFBB8000563D4 /* Sources */ = {
			isa = PBXSourcesBuildPhase;
			buildActionMask = 2147483647;
			files = (
				BACECADA2ACAFBB8000563D4 /* VKNewsFeedsGetTests.swift in Sources */,
			);
			runOnlyForDeploymentPostprocessing = 0;
		};
		BACECADB2ACAFBB8000563D4 /* Sources */ = {
			isa = PBXSourcesBuildPhase;
			buildActionMask = 2147483647;
			files = (
				BACECAE42ACAFBB8000563D4 /* VKNewsFeedsGetUITests.swift in Sources */,
				BACECAE62ACAFBB8000563D4 /* VKNewsFeedsGetUITestsLaunchTests.swift in Sources */,
			);
			runOnlyForDeploymentPostprocessing = 0;
		};
/* End PBXSourcesBuildPhase section */

/* Begin PBXTargetDependency section */
		BACECAD72ACAFBB8000563D4 /* PBXTargetDependency */ = {
			isa = PBXTargetDependency;
			target = BACECABE2ACAFBB7000563D4 /* VKNewsFeedsGet */;
			targetProxy = BACECAD62ACAFBB8000563D4 /* PBXContainerItemProxy */;
		};
		BACECAE12ACAFBB8000563D4 /* PBXTargetDependency */ = {
			isa = PBXTargetDependency;
			target = BACECABE2ACAFBB7000563D4 /* VKNewsFeedsGet */;
			targetProxy = BACECAE02ACAFBB8000563D4 /* PBXContainerItemProxy */;
		};
/* End PBXTargetDependency section */

/* Begin PBXVariantGroup section */
		BACECAC82ACAFBB7000563D4 /* Main.storyboard */ = {
			isa = PBXVariantGroup;
			children = (
				BACECAC92ACAFBB7000563D4 /* Base */,
			);
			name = Main.storyboard;
			sourceTree = "<group>";
		};
		BACECACD2ACAFBB8000563D4 /* LaunchScreen.storyboard */ = {
			isa = PBXVariantGroup;
			children = (
				BACECACE2ACAFBB8000563D4 /* Base */,
			);
			name = LaunchScreen.storyboard;
			sourceTree = "<group>";
		};
/* End PBXVariantGroup section */

/* Begin XCBuildConfiguration section */
		BACECAE72ACAFBB8000563D4 /* Debug */ = {
			isa = XCBuildConfiguration;
			buildSettings = {
				ALWAYS_SEARCH_USER_PATHS = NO;
				CLANG_ANALYZER_NONNULL = YES;
				CLANG_ANALYZER_NUMBER_OBJECT_CONVERSION = YES_AGGRESSIVE;
				CLANG_CXX_LANGUAGE_STANDARD = "gnu++20";
				CLANG_ENABLE_MODULES = YES;
				CLANG_ENABLE_OBJC_ARC = YES;
				CLANG_ENABLE_OBJC_WEAK = YES;
				CLANG_WARN_BLOCK_CAPTURE_AUTORELEASING = YES;
				CLANG_WARN_BOOL_CONVERSION = YES;
				CLANG_WARN_COMMA = YES;
				CLANG_WARN_CONSTANT_CONVERSION = YES;
				CLANG_WARN_DEPRECATED_OBJC_IMPLEMENTATIONS = YES;
				CLANG_WARN_DIRECT_OBJC_ISA_USAGE = YES_ERROR;
				CLANG_WARN_DOCUMENTATION_COMMENTS = YES;
				CLANG_WARN_EMPTY_BODY = YES;
				CLANG_WARN_ENUM_CONVERSION = YES;
				CLANG_WARN_INFINITE_RECURSION = YES;
				CLANG_WARN_INT_CONVERSION = YES;
				CLANG_WARN_NON_LITERAL_NULL_CONVERSION = YES;
				CLANG_WARN_OBJC_IMPLICIT_RETAIN_SELF = YES;
				CLANG_WARN_OBJC_LITERAL_CONVERSION = YES;
				CLANG_WARN_OBJC_ROOT_CLASS = YES_ERROR;
				CLANG_WARN_QUOTED_INCLUDE_IN_FRAMEWORK_HEADER = YES;
				CLANG_WARN_RANGE_LOOP_ANALYSIS = YES;
				CLANG_WARN_STRICT_PROTOTYPES = YES;
				CLANG_WARN_SUSPICIOUS_MOVE = YES;
				CLANG_WARN_UNGUARDED_AVAILABILITY = YES_AGGRESSIVE;
				CLANG_WARN_UNREACHABLE_CODE = YES;
				CLANG_WARN__DUPLICATE_METHOD_MATCH = YES;
				COPY_PHASE_STRIP = NO;
				DEBUG_INFORMATION_FORMAT = dwarf;
				ENABLE_STRICT_OBJC_MSGSEND = YES;
				ENABLE_TESTABILITY = YES;
				GCC_C_LANGUAGE_STANDARD = gnu11;
				GCC_DYNAMIC_NO_PIC = NO;
				GCC_NO_COMMON_BLOCKS = YES;
				GCC_OPTIMIZATION_LEVEL = 0;
				GCC_PREPROCESSOR_DEFINITIONS = (
					"DEBUG=1",
					"$(inherited)",
				);
				GCC_WARN_64_TO_32_BIT_CONVERSION = YES;
				GCC_WARN_ABOUT_RETURN_TYPE = YES_ERROR;
				GCC_WARN_UNDECLARED_SELECTOR = YES;
				GCC_WARN_UNINITIALIZED_AUTOS = YES_AGGRESSIVE;
				GCC_WARN_UNUSED_FUNCTION = YES;
				GCC_WARN_UNUSED_VARIABLE = YES;
				IPHONEOS_DEPLOYMENT_TARGET = 16.4;
				MTL_ENABLE_DEBUG_INFO = INCLUDE_SOURCE;
				MTL_FAST_MATH = YES;
				ONLY_ACTIVE_ARCH = YES;
				SDKROOT = iphoneos;
				SWIFT_ACTIVE_COMPILATION_CONDITIONS = DEBUG;
				SWIFT_OPTIMIZATION_LEVEL = "-Onone";
			};
			name = Debug;
		};
		BACECAE82ACAFBB8000563D4 /* Release */ = {
			isa = XCBuildConfiguration;
			buildSettings = {
				ALWAYS_SEARCH_USER_PATHS = NO;
				CLANG_ANALYZER_NONNULL = YES;
				CLANG_ANALYZER_NUMBER_OBJECT_CONVERSION = YES_AGGRESSIVE;
				CLANG_CXX_LANGUAGE_STANDARD = "gnu++20";
				CLANG_ENABLE_MODULES = YES;
				CLANG_ENABLE_OBJC_ARC = YES;
				CLANG_ENABLE_OBJC_WEAK = YES;
				CLANG_WARN_BLOCK_CAPTURE_AUTORELEASING = YES;
				CLANG_WARN_BOOL_CONVERSION = YES;
				CLANG_WARN_COMMA = YES;
				CLANG_WARN_CONSTANT_CONVERSION = YES;
				CLANG_WARN_DEPRECATED_OBJC_IMPLEMENTATIONS = YES;
				CLANG_WARN_DIRECT_OBJC_ISA_USAGE = YES_ERROR;
				CLANG_WARN_DOCUMENTATION_COMMENTS = YES;
				CLANG_WARN_EMPTY_BODY = YES;
				CLANG_WARN_ENUM_CONVERSION = YES;
				CLANG_WARN_INFINITE_RECURSION = YES;
				CLANG_WARN_INT_CONVERSION = YES;
				CLANG_WARN_NON_LITERAL_NULL_CONVERSION = YES;
				CLANG_WARN_OBJC_IMPLICIT_RETAIN_SELF = YES;
				CLANG_WARN_OBJC_LITERAL_CONVERSION = YES;
				CLANG_WARN_OBJC_ROOT_CLASS = YES_ERROR;
				CLANG_WARN_QUOTED_INCLUDE_IN_FRAMEWORK_HEADER = YES;
				CLANG_WARN_RANGE_LOOP_ANALYSIS = YES;
				CLANG_WARN_STRICT_PROTOTYPES = YES;
				CLANG_WARN_SUSPICIOUS_MOVE = YES;
				CLANG_WARN_UNGUARDED_AVAILABILITY = YES_AGGRESSIVE;
				CLANG_WARN_UNREACHABLE_CODE = YES;
				CLANG_WARN__DUPLICATE_METHOD_MATCH = YES;
				COPY_PHASE_STRIP = NO;
				DEBUG_INFORMATION_FORMAT = "dwarf-with-dsym";
				ENABLE_NS_ASSERTIONS = NO;
				ENABLE_STRICT_OBJC_MSGSEND = YES;
				GCC_C_LANGUAGE_STANDARD = gnu11;
				GCC_NO_COMMON_BLOCKS = YES;
				GCC_WARN_64_TO_32_BIT_CONVERSION = YES;
				GCC_WARN_ABOUT_RETURN_TYPE = YES_ERROR;
				GCC_WARN_UNDECLARED_SELECTOR = YES;
				GCC_WARN_UNINITIALIZED_AUTOS = YES_AGGRESSIVE;
				GCC_WARN_UNUSED_FUNCTION = YES;
				GCC_WARN_UNUSED_VARIABLE = YES;
				IPHONEOS_DEPLOYMENT_TARGET = 16.4;
				MTL_ENABLE_DEBUG_INFO = NO;
				MTL_FAST_MATH = YES;
				SDKROOT = iphoneos;
				SWIFT_COMPILATION_MODE = wholemodule;
				SWIFT_OPTIMIZATION_LEVEL = "-O";
				VALIDATE_PRODUCT = YES;
			};
			name = Release;
		};
		BACECAEA2ACAFBB8000563D4 /* Debug */ = {
			isa = XCBuildConfiguration;
			buildSettings = {
				ASSETCATALOG_COMPILER_APPICON_NAME = AppIcon;
				ASSETCATALOG_COMPILER_GLOBAL_ACCENT_COLOR_NAME = AccentColor;
				CODE_SIGN_STYLE = Automatic;
				CURRENT_PROJECT_VERSION = 1;
				GENERATE_INFOPLIST_FILE = YES;
				INFOPLIST_FILE = VKNewsFeedsGet/Info.plist;
				INFOPLIST_KEY_UIApplicationSupportsIndirectInputEvents = YES;
				INFOPLIST_KEY_UILaunchStoryboardName = LaunchScreen;
				INFOPLIST_KEY_UIMainStoryboardFile = Main;
				INFOPLIST_KEY_UISupportedInterfaceOrientations_iPad = "UIInterfaceOrientationPortrait UIInterfaceOrientationPortraitUpsideDown UIInterfaceOrientationLandscapeLeft UIInterfaceOrientationLandscapeRight";
				INFOPLIST_KEY_UISupportedInterfaceOrientations_iPhone = "UIInterfaceOrientationPortrait UIInterfaceOrientationLandscapeLeft UIInterfaceOrientationLandscapeRight";
				LD_RUNPATH_SEARCH_PATHS = (
					"$(inherited)",
					"@executable_path/Frameworks",
				);
				MARKETING_VERSION = 1.0;
				PRODUCT_BUNDLE_IDENTIFIER = IvanTulin.VKNewsFeedsGet;
				PRODUCT_NAME = "$(TARGET_NAME)";
				SWIFT_EMIT_LOC_STRINGS = YES;
				SWIFT_VERSION = 5.0;
				TARGETED_DEVICE_FAMILY = "1,2";
			};
			name = Debug;
		};
		BACECAEB2ACAFBB8000563D4 /* Release */ = {
			isa = XCBuildConfiguration;
			buildSettings = {
				ASSETCATALOG_COMPILER_APPICON_NAME = AppIcon;
				ASSETCATALOG_COMPILER_GLOBAL_ACCENT_COLOR_NAME = AccentColor;
				CODE_SIGN_STYLE = Automatic;
				CURRENT_PROJECT_VERSION = 1;
				GENERATE_INFOPLIST_FILE = YES;
				INFOPLIST_FILE = VKNewsFeedsGet/Info.plist;
				INFOPLIST_KEY_UIApplicationSupportsIndirectInputEvents = YES;
				INFOPLIST_KEY_UILaunchStoryboardName = LaunchScreen;
				INFOPLIST_KEY_UIMainStoryboardFile = Main;
				INFOPLIST_KEY_UISupportedInterfaceOrientations_iPad = "UIInterfaceOrientationPortrait UIInterfaceOrientationPortraitUpsideDown UIInterfaceOrientationLandscapeLeft UIInterfaceOrientationLandscapeRight";
				INFOPLIST_KEY_UISupportedInterfaceOrientations_iPhone = "UIInterfaceOrientationPortrait UIInterfaceOrientationLandscapeLeft UIInterfaceOrientationLandscapeRight";
				LD_RUNPATH_SEARCH_PATHS = (
					"$(inherited)",
					"@executable_path/Frameworks",
				);
				MARKETING_VERSION = 1.0;
				PRODUCT_BUNDLE_IDENTIFIER = IvanTulin.VKNewsFeedsGet;
				PRODUCT_NAME = "$(TARGET_NAME)";
				SWIFT_EMIT_LOC_STRINGS = YES;
				SWIFT_VERSION = 5.0;
				TARGETED_DEVICE_FAMILY = "1,2";
			};
			name = Release;
		};
		BACECAED2ACAFBB8000563D4 /* Debug */ = {
			isa = XCBuildConfiguration;
			buildSettings = {
				ALWAYS_EMBED_SWIFT_STANDARD_LIBRARIES = YES;
				BUNDLE_LOADER = "$(TEST_HOST)";
				CODE_SIGN_STYLE = Automatic;
				CURRENT_PROJECT_VERSION = 1;
				GENERATE_INFOPLIST_FILE = YES;
				IPHONEOS_DEPLOYMENT_TARGET = 16.4;
				MARKETING_VERSION = 1.0;
				PRODUCT_BUNDLE_IDENTIFIER = IvanTulin.VKNewsFeedsGetTests;
				PRODUCT_NAME = "$(TARGET_NAME)";
				SWIFT_EMIT_LOC_STRINGS = NO;
				SWIFT_VERSION = 5.0;
				TARGETED_DEVICE_FAMILY = "1,2";
				TEST_HOST = "$(BUILT_PRODUCTS_DIR)/VKNewsFeedsGet.app/$(BUNDLE_EXECUTABLE_FOLDER_PATH)/VKNewsFeedsGet";
			};
			name = Debug;
		};
		BACECAEE2ACAFBB8000563D4 /* Release */ = {
			isa = XCBuildConfiguration;
			buildSettings = {
				ALWAYS_EMBED_SWIFT_STANDARD_LIBRARIES = YES;
				BUNDLE_LOADER = "$(TEST_HOST)";
				CODE_SIGN_STYLE = Automatic;
				CURRENT_PROJECT_VERSION = 1;
				GENERATE_INFOPLIST_FILE = YES;
				IPHONEOS_DEPLOYMENT_TARGET = 16.4;
				MARKETING_VERSION = 1.0;
				PRODUCT_BUNDLE_IDENTIFIER = IvanTulin.VKNewsFeedsGetTests;
				PRODUCT_NAME = "$(TARGET_NAME)";
				SWIFT_EMIT_LOC_STRINGS = NO;
				SWIFT_VERSION = 5.0;
				TARGETED_DEVICE_FAMILY = "1,2";
				TEST_HOST = "$(BUILT_PRODUCTS_DIR)/VKNewsFeedsGet.app/$(BUNDLE_EXECUTABLE_FOLDER_PATH)/VKNewsFeedsGet";
			};
			name = Release;
		};
		BACECAF02ACAFBB8000563D4 /* Debug */ = {
			isa = XCBuildConfiguration;
			buildSettings = {
				ALWAYS_EMBED_SWIFT_STANDARD_LIBRARIES = YES;
				CODE_SIGN_STYLE = Automatic;
				CURRENT_PROJECT_VERSION = 1;
				GENERATE_INFOPLIST_FILE = YES;
				MARKETING_VERSION = 1.0;
				PRODUCT_BUNDLE_IDENTIFIER = IvanTulin.VKNewsFeedsGetUITests;
				PRODUCT_NAME = "$(TARGET_NAME)";
				SWIFT_EMIT_LOC_STRINGS = NO;
				SWIFT_VERSION = 5.0;
				TARGETED_DEVICE_FAMILY = "1,2";
				TEST_TARGET_NAME = VKNewsFeedsGet;
			};
			name = Debug;
		};
		BACECAF12ACAFBB8000563D4 /* Release */ = {
			isa = XCBuildConfiguration;
			buildSettings = {
				ALWAYS_EMBED_SWIFT_STANDARD_LIBRARIES = YES;
				CODE_SIGN_STYLE = Automatic;
				CURRENT_PROJECT_VERSION = 1;
				GENERATE_INFOPLIST_FILE = YES;
				MARKETING_VERSION = 1.0;
				PRODUCT_BUNDLE_IDENTIFIER = IvanTulin.VKNewsFeedsGetUITests;
				PRODUCT_NAME = "$(TARGET_NAME)";
				SWIFT_EMIT_LOC_STRINGS = NO;
				SWIFT_VERSION = 5.0;
				TARGETED_DEVICE_FAMILY = "1,2";
				TEST_TARGET_NAME = VKNewsFeedsGet;
			};
			name = Release;
		};
/* End XCBuildConfiguration section */

/* Begin XCConfigurationList section */
		BACECABA2ACAFBB7000563D4 /* Build configuration list for PBXProject "VKNewsFeedsGet" */ = {
			isa = XCConfigurationList;
			buildConfigurations = (
				BACECAE72ACAFBB8000563D4 /* Debug */,
				BACECAE82ACAFBB8000563D4 /* Release */,
			);
			defaultConfigurationIsVisible = 0;
			defaultConfigurationName = Release;
		};
		BACECAE92ACAFBB8000563D4 /* Build configuration list for PBXNativeTarget "VKNewsFeedsGet" */ = {
			isa = XCConfigurationList;
			buildConfigurations = (
				BACECAEA2ACAFBB8000563D4 /* Debug */,
				BACECAEB2ACAFBB8000563D4 /* Release */,
			);
			defaultConfigurationIsVisible = 0;
			defaultConfigurationName = Release;
		};
		BACECAEC2ACAFBB8000563D4 /* Build configuration list for PBXNativeTarget "VKNewsFeedsGetTests" */ = {
			isa = XCConfigurationList;
			buildConfigurations = (
				BACECAED2ACAFBB8000563D4 /* Debug */,
				BACECAEE2ACAFBB8000563D4 /* Release */,
			);
			defaultConfigurationIsVisible = 0;
			defaultConfigurationName = Release;
		};
		BACECAEF2ACAFBB8000563D4 /* Build configuration list for PBXNativeTarget "VKNewsFeedsGetUITests" */ = {
			isa = XCConfigurationList;
			buildConfigurations = (
				BACECAF02ACAFBB8000563D4 /* Debug */,
				BACECAF12ACAFBB8000563D4 /* Release */,
			);
			defaultConfigurationIsVisible = 0;
			defaultConfigurationName = Release;
		};
/* End XCConfigurationList section */
	};
	rootObject = BACECAB72ACAFBB7000563D4 /* Project object */;
}
